
Microsoft Visual Studio Solution File, Format Version 12.00
Project("{FAE04EC0-301F-11D3-BF4B-00C04F79EFBC}") = "MatchingAndSubstituting", "MatchingAndSubstituting.csproj", "{EE2261A6-F06C-45ED-A28C-4784DDABC96B}"
EndProject
Global
	GlobalSection(SolutionConfigurationPlatforms) = preSolution
		Debug|Any CPU = Debug|Any CPU
		Release|Any CPU = Release|Any CPU
	EndGlobalSection
	GlobalSection(ProjectConfigurationPlatforms) = postSolution
		{EE2261A6-F06C-45ED-A28C-4784DDABC96B}.Debug|Any CPU.ActiveCfg = Debug|Any CPU
		{EE2261A6-F06C-45ED-A28C-4784DDABC96B}.Debug|Any CPU.Build.0 = Debug|Any CPU
		{EE2261A6-F06C-45ED-A28C-4784DDABC96B}.Release|Any CPU.ActiveCfg = Release|Any CPU
		{EE2261A6-F06C-45ED-A28C-4784DDABC96B}.Release|Any CPU.Build.0 = Release|Any CPU
	EndGlobalSection
EndGlobal
